# THIS IS AN AUTOGENERATED FILE. DO NOT EDIT THIS FILE DIRECTLY.
# yarn lockfile v1


"@types/node@12":
  version "12.12.68"
  resolved "https://registry.yarnpkg.com/@types/node/-/node-12.12.68.tgz#dd5acf4a52a458ff1d9ef4fd66406fba0afbbb33"
  integrity sha512-3RW2s24ewB7F9dAHvgb9FRvNHn6nO9IK6Eaknbz7HTOe2a5GVne5XbUh5+YA+kcCn67glyHhClUUdFP73LWrgQ==

typescript@^4.0.3:
  version "4.0.3"
  resolved "https://registry.yarnpkg.com/typescript/-/typescript-4.0.3.tgz#153bbd468ef07725c1df9c77e8b453f8d36abba5"
  integrity sha512-tEu6DGxGgRJPb/mVPIZ48e69xCn2yRmCgYmDugAVwmJ6o+0u1RI18eO7E7WBTLYLaEVVOhwQmcdhQHweux/WPg==
